PODS:
  - AgoraRtcEngine_iOS (2.9.0.104)
  - BJLiveBase (2.9.2):
    - BJLiveBase/Base (= 2.9.2)
  - BJLiveBase/Auth (2.9.2)
  - BJLiveBase/Base (2.9.2):
    - BJLiveBase/extobjc
    - BJLiveBase/Foundation
    - BJLiveBase/UIKit
  - BJLiveBase/Download (2.9.2):
    - BJLiveBase/Base
    - BJLiveBase/Networking
    - BJLiveBase/YYModel
  - BJLiveBase/extobjc (2.9.2)
  - BJLiveBase/Foundation (2.9.2):
    - BJLiveBase/extobjc
  - BJLiveBase/HUD (2.9.2):
    - BJLiveBase/UIKit
  - BJLiveBase/Networking (2.9.2):
    - BJLiveBase/Base
  - "BJLiveBase/Networking+BaijiaYun (2.9.2)":
    - BJLiveBase/Base
    - BJLiveBase/Networking
  - BJLiveBase/PocketSocket/Client (2.9.2):
    - BJLiveBase/PocketSocket/Core
  - BJLiveBase/PocketSocket/Core (2.9.2)
  - BJLiveBase/UIKit (2.9.2):
    - BJLiveBase/extobjc
    - BJLiveBase/Foundation
  - BJLiveBase/WebImage/AFNetworking (2.9.2):
    - BJLiveBase/Networking
    - BJLiveBase/WebImage/BJLWebImage
  - BJLiveBase/WebImage/BJLWebImage (2.9.2)
  - BJLiveBase/YYModel (2.9.2)
  - BJLiveCore (2.9.2):
    - BJLiveBase (~> 2.9.2)
    - BJLiveBase/Auth (~> 2.9.2)
    - BJLiveBase/Base (~> 2.9.2)
    - BJLiveBase/Networking (~> 2.9.2)
    - "BJLiveBase/Networking+BaijiaYun (~> 2.9.2)"
    - BJLiveBase/PocketSocket/Client (~> 2.9.2)
    - BJLiveBase/WebImage/AFNetworking (~> 2.9.2)
    - BJLiveBase/WebImage/BJLWebImage (~> 2.9.2)
    - BJLiveBase/YYModel (~> 2.9.2)
    - BJLiveCore/static (= 2.9.2)
  - BJLiveCore/BJHLMediaPlayer (2.9.2):
    - BJLiveBase (~> 2.9.2)
    - BJLiveBase/Auth (~> 2.9.2)
    - BJLiveBase/Base (~> 2.9.2)
    - BJLiveBase/Networking (~> 2.9.2)
    - "BJLiveBase/Networking+BaijiaYun (~> 2.9.2)"
    - BJLiveBase/PocketSocket/Client (~> 2.9.2)
    - BJLiveBase/WebImage/AFNetworking (~> 2.9.2)
    - BJLiveBase/WebImage/BJLWebImage (~> 2.9.2)
    - BJLiveBase/YYModel (~> 2.9.2)
  - BJLiveCore/BJYRTCEngine (2.9.2):
    - BJLiveBase (~> 2.9.2)
    - BJLiveBase/Auth (~> 2.9.2)
    - BJLiveBase/Base (~> 2.9.2)
    - BJLiveBase/Networking (~> 2.9.2)
    - "BJLiveBase/Networking+BaijiaYun (~> 2.9.2)"
    - BJLiveBase/PocketSocket/Client (~> 2.9.2)
    - BJLiveBase/WebImage/AFNetworking (~> 2.9.2)
    - BJLiveBase/WebImage/BJLWebImage (~> 2.9.2)
    - BJLiveBase/YYModel (~> 2.9.2)
  - BJLiveCore/default (2.9.2):
    - BJLiveBase (~> 2.9.2)
    - BJLiveBase/Auth (~> 2.9.2)
    - BJLiveBase/Base (~> 2.9.2)
    - BJLiveBase/Networking (~> 2.9.2)
    - "BJLiveBase/Networking+BaijiaYun (~> 2.9.2)"
    - BJLiveBase/PocketSocket/Client (~> 2.9.2)
    - BJLiveBase/WebImage/AFNetworking (~> 2.9.2)
    - BJLiveBase/WebImage/BJLWebImage (~> 2.9.2)
    - BJLiveBase/YYModel (~> 2.9.2)
    - BJLiveCore/BJHLMediaPlayer
    - BJLiveCore/BJYRTCEngine
  - BJLiveCore/static (2.9.2):
    - AgoraRtcEngine_iOS (= 2.9.0.104)
    - BJLiveBase (~> 2.9.2)
    - BJLiveBase/Auth (~> 2.9.2)
    - BJLiveBase/Base (~> 2.9.2)
    - BJLiveBase/Networking (~> 2.9.2)
    - "BJLiveBase/Networking+BaijiaYun (~> 2.9.2)"
    - BJLiveBase/PocketSocket/Client (~> 2.9.2)
    - BJLiveBase/WebImage/AFNetworking (~> 2.9.2)
    - BJLiveBase/WebImage/BJLWebImage (~> 2.9.2)
    - BJLiveBase/YYModel (~> 2.9.2)
    - BJLiveCore/default
    - TXLiteAVSDK_TRTC (= 7.2.8956)
  - BJLiveUI (2.9.2):
    - BJLiveUI/static (= 2.9.2)
  - BJLiveUI/static (2.9.2):
    - BJLiveUI/static.dependencies
  - BJLiveUI/static.dependencies (2.9.2):
    - BJLiveBase (~> 2.9.2)
    - BJLiveBase/Auth (~> 2.9.2)
    - BJLiveBase/Base (~> 2.9.2)
    - BJLiveBase/HUD (~> 2.9.2)
    - BJLiveBase/Networking (~> 2.9.2)
    - BJLiveBase/WebImage/AFNetworking (~> 2.9.2)
    - BJLiveCore (~> 2.9.2)
    - QBImagePickerController (~> 3.0)
  - BJPlaybackUI (2.9.2):
    - BJLiveBase (~> 2.9.2)
    - BJLiveBase/Auth (~> 2.9.2)
    - BJLiveBase/Base (~> 2.9.2)
    - BJLiveBase/HUD (~> 2.9.2)
    - BJLiveBase/Networking (~> 2.9.2)
    - "BJLiveBase/Networking+BaijiaYun (~> 2.9.2)"
    - BJLiveBase/WebImage/BJLWebImage (~> 2.9.2)
    - BJPlaybackUI/static (= 2.9.2)
    - BJVideoPlayerCore (~> 2.9.3)
  - BJPlaybackUI/static (2.9.2):
    - BJLiveBase (~> 2.9.2)
    - BJLiveBase/Auth (~> 2.9.2)
    - BJLiveBase/Base (~> 2.9.2)
    - BJLiveBase/HUD (~> 2.9.2)
    - BJLiveBase/Networking (~> 2.9.2)
    - "BJLiveBase/Networking+BaijiaYun (~> 2.9.2)"
    - BJLiveBase/WebImage/BJLWebImage (~> 2.9.2)
    - BJVideoPlayerCore (~> 2.9.3)
  - BJVideoPlayerCore (2.9.3):
    - BJLiveBase (~> 2.9.2)
    - BJLiveBase/Base (~> 2.9.2)
    - BJLiveBase/Download (~> 2.9.2)
    - BJLiveBase/Networking (~> 2.9.2)
    - "BJLiveBase/Networking+BaijiaYun (~> 2.9.2)"
    - BJLiveBase/WebImage/BJLWebImage (~> 2.9.2)
    - BJLiveBase/YYModel (~> 2.9.2)
    - BJLiveCore (~> 2.9.2)
    - BJVideoPlayerCore/static (= 2.9.3)
  - BJVideoPlayerCore/BJYIJKMediaFramework (2.9.3):
    - BJLiveBase (~> 2.9.2)
    - BJLiveBase/Base (~> 2.9.2)
    - BJLiveBase/Download (~> 2.9.2)
    - BJLiveBase/Networking (~> 2.9.2)
    - "BJLiveBase/Networking+BaijiaYun (~> 2.9.2)"
    - BJLiveBase/WebImage/BJLWebImage (~> 2.9.2)
    - BJLiveBase/YYModel (~> 2.9.2)
    - BJLiveCore (~> 2.9.2)
  - BJVideoPlayerCore/static (2.9.3):
    - BJLiveBase (~> 2.9.2)
    - BJLiveBase/Base (~> 2.9.2)
    - BJLiveBase/Download (~> 2.9.2)
    - BJLiveBase/Networking (~> 2.9.2)
    - "BJLiveBase/Networking+BaijiaYun (~> 2.9.2)"
    - BJLiveBase/WebImage/BJLWebImage (~> 2.9.2)
    - BJLiveBase/YYModel (~> 2.9.2)
    - BJLiveCore (~> 2.9.2)
    - BJVideoPlayerCore/BJYIJKMediaFramework
  - Flutter (1.0.0)
  - flutter_live (0.0.1):
    - BJLiveUI (~> 2.9.2)
    - BJPlaybackUI (~> 2.9.2)
    - Flutter
  - QBImagePickerController (3.4.0)
  - TXLiteAVSDK_TRTC (7.2.8956)

DEPENDENCIES:
  - Flutter (from `.symlinks/flutter/ios`)
  - flutter_live (from `.symlinks/plugins/flutter_live/ios`)

SPEC REPOS:
  http://git.baijiashilian.com/open-ios/specs.git:
    - BJLiveBase
    - BJLiveCore
    - BJLiveUI
    - BJPlaybackUI
    - BJVideoPlayerCore
  https://mirrors.tuna.tsinghua.edu.cn/git/CocoaPods/Specs.git:
    - AgoraRtcEngine_iOS
    - QBImagePickerController
    - TXLiteAVSDK_TRTC

EXTERNAL SOURCES:
  Flutter:
    :path: ".symlinks/flutter/ios"
  flutter_live:
    :path: ".symlinks/plugins/flutter_live/ios"

SPEC CHECKSUMS:
  AgoraRtcEngine_iOS: 7cba8f57c9ac39c1a17df2080cde6cea294229b2
  BJLiveBase: ab5850b3d5c70db8c62e63cef5535bf7f65db66e
  BJLiveCore: e5ff45923d72206c98589118551713fd842d34f7
  BJLiveUI: 5703f7feaeae3f0724a0f31c973c9d305e952006
  BJPlaybackUI: c9c440836fd77cd7425ffd492d6a2a7e78ef95bd
  BJVideoPlayerCore: 5a69dd380bfa4b6c0501221cb4a1ad908467a344
  Flutter: 0e3d915762c693b495b44d77113d4970485de6ec
  flutter_live: 14e65515f284ae03e052dd1ff00a579c9440147f
  QBImagePickerController: d54cf93db6decf26baf6ed3472f336ef35cae022
  TXLiteAVSDK_TRTC: f62d4c91bcd3fdbd4b06724dd87280a2035e2b7c

PODFILE CHECKSUM: 01da63cd118f24cc5187166f37f005d7c8f8bd26

COCOAPODS: 1.9.3
